
Microsoft Visual Studio Solution File, Format Version 12.00
# Visual Studio Version 16
VisualStudioVersion = 16.0.31129.286
MinimumVisualStudioVersion = 10.0.40219.1
Project("{FAE04EC0-301F-11D3-BF4B-00C04F79EFBC}") = "Calc", "Calc.csproj", "{C7D15CE7-8375-4FDC-AA1B-30F381F2E7C5}"
EndProject
Global
	GlobalSection(SolutionConfigurationPlatforms) = preSolution
		Debug|Any CPU = Debug|Any CPU
		Release|Any CPU = Release|Any CPU
	EndGlobalSection
	GlobalSection(ProjectConfigurationPlatforms) = postSolution
		{C7D15CE7-8375-4FDC-AA1B-30F381F2E7C5}.Debug|Any CPU.ActiveCfg = Debug|Any CPU
		{C7D15CE7-8375-4FDC-AA1B-30F381F2E7C5}.Debug|Any CPU.Build.0 = Debug|Any CPU
		{C7D15CE7-8375-4FDC-AA1B-30F381F2E7C5}.Release|Any CPU.ActiveCfg = Release|Any CPU
		{C7D15CE7-8375-4FDC-AA1B-30F381F2E7C5}.Release|Any CPU.Build.0 = Release|Any CPU
	EndGlobalSection
	GlobalSection(SolutionProperties) = preSolution
		HideSolutionNode = FALSE
	EndGlobalSection
	GlobalSection(ExtensibilityGlobals) = postSolution
		SolutionGuid = {69017EED-AE42-4EEF-8377-AB1E3E26B9AD}
	EndGlobalSection
EndGlobal
